
Microsoft Visual Studio Solution File, Format Version 12.00
# Visual Studio Version 17
VisualStudioVersion = 17.1.32210.238
MinimumVisualStudioVersion = 10.0.40219.1
Project("{FAE04EC0-301F-11D3-BF4B-00C04F79EFBC}") = "SingletonPattern", "SingletonPattern\SingletonPattern.csproj", "{16C29456-C393-45AB-A466-A1B4D896C3EE}"
EndProject
Global
	GlobalSection(SolutionConfigurationPlatforms) = preSolution
		Debug|Any CPU = Debug|Any CPU
		Release|Any CPU = Release|Any CPU
	EndGlobalSection
	GlobalSection(ProjectConfigurationPlatforms) = postSolution
		{16C29456-C393-45AB-A466-A1B4D896C3EE}.Debug|Any CPU.ActiveCfg = Debug|Any CPU
		{16C29456-C393-45AB-A466-A1B4D896C3EE}.Debug|Any CPU.Build.0 = Debug|Any CPU
		{16C29456-C393-45AB-A466-A1B4D896C3EE}.Release|Any CPU.ActiveCfg = Release|Any CPU
		{16C29456-C393-45AB-A466-A1B4D896C3EE}.Release|Any CPU.Build.0 = Release|Any CPU
	EndGlobalSection
	GlobalSection(SolutionProperties) = preSolution
		HideSolutionNode = FALSE
	EndGlobalSection
	GlobalSection(ExtensibilityGlobals) = postSolution
		SolutionGuid = {ABF7C05A-446D-4B6B-ABD7-348E318C6ED2}
	EndGlobalSection
EndGlobal
